
Microsoft Visual Studio Solution File, Format Version 12.00
# Visual Studio Version 17
VisualStudioVersion = 17.4.33205.214
MinimumVisualStudioVersion = 10.0.40219.1
Project("{9A19103F-16F7-4668-BE54-9A1E7A4F7556}") = "QuestionMark", "QuestionMark\QuestionMark.csproj", "{D2FDEE70-1A8B-4C32-9455-BBA4771867D7}"
EndProject
Project("{9A19103F-16F7-4668-BE54-9A1E7A4F7556}") = "SwitchForWhile", "SwitchForWhile\SwitchForWhile.csproj", "{6E8A5E82-0D47-4515-9483-22C846C50A25}"
EndProject
Project("{9A19103F-16F7-4668-BE54-9A1E7A4F7556}") = "Ref_Out_Regex_TryParse", "Ref_Out_Regex_TryParse\Ref_Out_Regex_TryParse.csproj", "{EA1BD099-5E6B-458C-9E7E-6318AE1198BB}"
EndProject
Project("{9A19103F-16F7-4668-BE54-9A1E7A4F7556}") = "PatrialClass", "PatrialClass\PatrialClass.csproj", "{82CE36F5-CEDC-4099-B03C-0A5E326C74B2}"
EndProject
Project("{9A19103F-16F7-4668-BE54-9A1E7A4F7556}") = "OopAbstraction", "OopAbstraction\OopAbstraction.csproj", "{74584178-8C5B-4CAD-891D-F72084C7507A}"
EndProject
Project("{9A19103F-16F7-4668-BE54-9A1E7A4F7556}") = "OopEncapsulation", "OopEncapsulation\OopEncapsulation.csproj", "{47448D42-60AB-4ABA-84C1-D17668FA51D3}"
EndProject
Project("{9A19103F-16F7-4668-BE54-9A1E7A4F7556}") = "OopEncapsulationCont", "OopEncapsulationCont\OopEncapsulationCont.csproj", "{6FD00853-3C87-45DB-9A9C-60D6820097AF}"
EndProject
Project("{9A19103F-16F7-4668-BE54-9A1E7A4F7556}") = "OopEncapsulationProperty", "OopEncapsulationProperty\OopEncapsulationProperty.csproj", "{D2280BF0-7327-4569-9F5C-D66795BCF601}"
EndProject
Project("{9A19103F-16F7-4668-BE54-9A1E7A4F7556}") = "OopPolymorphismOverloading", "OopPolymorphism\OopPolymorphismOverloading.csproj", "{C855CA5B-CE85-4057-9236-AF8AFE70DC39}"
EndProject
Project("{9A19103F-16F7-4668-BE54-9A1E7A4F7556}") = "OopPolymorphismOverriding", "OopPolymorphismOverriding\OopPolymorphismOverriding.csproj", "{19B6DC42-9A8B-4018-A03B-94897737F9A2}"
EndProject
Project("{9A19103F-16F7-4668-BE54-9A1E7A4F7556}") = "OopPolymorphismInterface", "OopPolymorphismInterface\OopPolymorphismInterface.csproj", "{1C152BF6-868F-481E-B3AF-65C65E72B542}"
EndProject
Project("{9A19103F-16F7-4668-BE54-9A1E7A4F7556}") = "ExtentionMethod", "ExtentionMethod\ExtentionMethod.csproj", "{F6DFEC69-24F7-442A-915D-B6AADD6198F2}"
EndProject
Project("{9A19103F-16F7-4668-BE54-9A1E7A4F7556}") = "ListAndLinq", "ListAndLinq\ListAndLinq.csproj", "{B90BE202-2668-4381-84EE-E87082057ECD}"
EndProject
Project("{9A19103F-16F7-4668-BE54-9A1E7A4F7556}") = "GenericClass", "GenericClass\GenericClass.csproj", "{1418071B-3888-4156-A672-A3417F7755A2}"
EndProject
Project("{9A19103F-16F7-4668-BE54-9A1E7A4F7556}") = "BaiTapCSharp_Oop", "BaiTapCSharp_Oop\BaiTapCSharp_Oop.csproj", "{E18C2329-C5D6-4510-9758-591D2BC8CAF2}"
EndProject
Project("{FAE04EC0-301F-11D3-BF4B-00C04F79EFBC}") = "App11", "App11\App11.csproj", "{A0938717-ABB5-48D8-9CB7-946D07A74713}"
EndProject
Global
	GlobalSection(SolutionConfigurationPlatforms) = preSolution
		Debug|Any CPU = Debug|Any CPU
		Release|Any CPU = Release|Any CPU
	EndGlobalSection
	GlobalSection(ProjectConfigurationPlatforms) = postSolution
		{D2FDEE70-1A8B-4C32-9455-BBA4771867D7}.Debug|Any CPU.ActiveCfg = Debug|Any CPU
		{D2FDEE70-1A8B-4C32-9455-BBA4771867D7}.Debug|Any CPU.Build.0 = Debug|Any CPU
		{D2FDEE70-1A8B-4C32-9455-BBA4771867D7}.Release|Any CPU.ActiveCfg = Release|Any CPU
		{D2FDEE70-1A8B-4C32-9455-BBA4771867D7}.Release|Any CPU.Build.0 = Release|Any CPU
		{6E8A5E82-0D47-4515-9483-22C846C50A25}.Debug|Any CPU.ActiveCfg = Debug|Any CPU
		{6E8A5E82-0D47-4515-9483-22C846C50A25}.Debug|Any CPU.Build.0 = Debug|Any CPU
		{6E8A5E82-0D47-4515-9483-22C846C50A25}.Release|Any CPU.ActiveCfg = Release|Any CPU
		{6E8A5E82-0D47-4515-9483-22C846C50A25}.Release|Any CPU.Build.0 = Release|Any CPU
		{EA1BD099-5E6B-458C-9E7E-6318AE1198BB}.Debug|Any CPU.ActiveCfg = Debug|Any CPU
		{EA1BD099-5E6B-458C-9E7E-6318AE1198BB}.Debug|Any CPU.Build.0 = Debug|Any CPU
		{EA1BD099-5E6B-458C-9E7E-6318AE1198BB}.Release|Any CPU.ActiveCfg = Release|Any CPU
		{EA1BD099-5E6B-458C-9E7E-6318AE1198BB}.Release|Any CPU.Build.0 = Release|Any CPU
		{82CE36F5-CEDC-4099-B03C-0A5E326C74B2}.Debug|Any CPU.ActiveCfg = Debug|Any CPU
		{82CE36F5-CEDC-4099-B03C-0A5E326C74B2}.Debug|Any CPU.Build.0 = Debug|Any CPU
		{82CE36F5-CEDC-4099-B03C-0A5E326C74B2}.Release|Any CPU.ActiveCfg = Release|Any CPU
		{82CE36F5-CEDC-4099-B03C-0A5E326C74B2}.Release|Any CPU.Build.0 = Release|Any CPU
		{74584178-8C5B-4CAD-891D-F72084C7507A}.Debug|Any CPU.ActiveCfg = Debug|Any CPU
		{74584178-8C5B-4CAD-891D-F72084C7507A}.Debug|Any CPU.Build.0 = Debug|Any CPU
		{74584178-8C5B-4CAD-891D-F72084C7507A}.Release|Any CPU.ActiveCfg = Release|Any CPU
		{74584178-8C5B-4CAD-891D-F72084C7507A}.Release|Any CPU.Build.0 = Release|Any CPU
		{47448D42-60AB-4ABA-84C1-D17668FA51D3}.Debug|Any CPU.ActiveCfg = Debug|Any CPU
		{47448D42-60AB-4ABA-84C1-D17668FA51D3}.Debug|Any CPU.Build.0 = Debug|Any CPU
		{47448D42-60AB-4ABA-84C1-D17668FA51D3}.Release|Any CPU.ActiveCfg = Release|Any CPU
		{47448D42-60AB-4ABA-84C1-D17668FA51D3}.Release|Any CPU.Build.0 = Release|Any CPU
		{6FD00853-3C87-45DB-9A9C-60D6820097AF}.Debug|Any CPU.ActiveCfg = Debug|Any CPU
		{6FD00853-3C87-45DB-9A9C-60D6820097AF}.Debug|Any CPU.Build.0 = Debug|Any CPU
		{6FD00853-3C87-45DB-9A9C-60D6820097AF}.Release|Any CPU.ActiveCfg = Release|Any CPU
		{6FD00853-3C87-45DB-9A9C-60D6820097AF}.Release|Any CPU.Build.0 = Release|Any CPU
		{D2280BF0-7327-4569-9F5C-D66795BCF601}.Debug|Any CPU.ActiveCfg = Debug|Any CPU
		{D2280BF0-7327-4569-9F5C-D66795BCF601}.Debug|Any CPU.Build.0 = Debug|Any CPU
		{D2280BF0-7327-4569-9F5C-D66795BCF601}.Release|Any CPU.ActiveCfg = Release|Any CPU
		{D2280BF0-7327-4569-9F5C-D66795BCF601}.Release|Any CPU.Build.0 = Release|Any CPU
		{C855CA5B-CE85-4057-9236-AF8AFE70DC39}.Debug|Any CPU.ActiveCfg = Debug|Any CPU
		{C855CA5B-CE85-4057-9236-AF8AFE70DC39}.Debug|Any CPU.Build.0 = Debug|Any CPU
		{C855CA5B-CE85-4057-9236-AF8AFE70DC39}.Release|Any CPU.ActiveCfg = Release|Any CPU
		{C855CA5B-CE85-4057-9236-AF8AFE70DC39}.Release|Any CPU.Build.0 = Release|Any CPU
		{19B6DC42-9A8B-4018-A03B-94897737F9A2}.Debug|Any CPU.ActiveCfg = Debug|Any CPU
		{19B6DC42-9A8B-4018-A03B-94897737F9A2}.Debug|Any CPU.Build.0 = Debug|Any CPU
		{19B6DC42-9A8B-4018-A03B-94897737F9A2}.Release|Any CPU.ActiveCfg = Release|Any CPU
		{19B6DC42-9A8B-4018-A03B-94897737F9A2}.Release|Any CPU.Build.0 = Release|Any CPU
		{1C152BF6-868F-481E-B3AF-65C65E72B542}.Debug|Any CPU.ActiveCfg = Debug|Any CPU
		{1C152BF6-868F-481E-B3AF-65C65E72B542}.Debug|Any CPU.Build.0 = Debug|Any CPU
		{1C152BF6-868F-481E-B3AF-65C65E72B542}.Release|Any CPU.ActiveCfg = Release|Any CPU
		{1C152BF6-868F-481E-B3AF-65C65E72B542}.Release|Any CPU.Build.0 = Release|Any CPU
		{F6DFEC69-24F7-442A-915D-B6AADD6198F2}.Debug|Any CPU.ActiveCfg = Debug|Any CPU
		{F6DFEC69-24F7-442A-915D-B6AADD6198F2}.Debug|Any CPU.Build.0 = Debug|Any CPU
		{F6DFEC69-24F7-442A-915D-B6AADD6198F2}.Release|Any CPU.ActiveCfg = Release|Any CPU
		{F6DFEC69-24F7-442A-915D-B6AADD6198F2}.Release|Any CPU.Build.0 = Release|Any CPU
		{B90BE202-2668-4381-84EE-E87082057ECD}.Debug|Any CPU.ActiveCfg = Debug|Any CPU
		{B90BE202-2668-4381-84EE-E87082057ECD}.Debug|Any CPU.Build.0 = Debug|Any CPU
		{B90BE202-2668-4381-84EE-E87082057ECD}.Release|Any CPU.ActiveCfg = Release|Any CPU
		{B90BE202-2668-4381-84EE-E87082057ECD}.Release|Any CPU.Build.0 = Release|Any CPU
		{1418071B-3888-4156-A672-A3417F7755A2}.Debug|Any CPU.ActiveCfg = Debug|Any CPU
		{1418071B-3888-4156-A672-A3417F7755A2}.Debug|Any CPU.Build.0 = Debug|Any CPU
		{1418071B-3888-4156-A672-A3417F7755A2}.Release|Any CPU.ActiveCfg = Release|Any CPU
		{1418071B-3888-4156-A672-A3417F7755A2}.Release|Any CPU.Build.0 = Release|Any CPU
		{E18C2329-C5D6-4510-9758-591D2BC8CAF2}.Debug|Any CPU.ActiveCfg = Debug|Any CPU
		{E18C2329-C5D6-4510-9758-591D2BC8CAF2}.Debug|Any CPU.Build.0 = Debug|Any CPU
		{E18C2329-C5D6-4510-9758-591D2BC8CAF2}.Release|Any CPU.ActiveCfg = Release|Any CPU
		{E18C2329-C5D6-4510-9758-591D2BC8CAF2}.Release|Any CPU.Build.0 = Release|Any CPU
		{A0938717-ABB5-48D8-9CB7-946D07A74713}.Debug|Any CPU.ActiveCfg = Debug|Any CPU
		{A0938717-ABB5-48D8-9CB7-946D07A74713}.Debug|Any CPU.Build.0 = Debug|Any CPU
		{A0938717-ABB5-48D8-9CB7-946D07A74713}.Release|Any CPU.ActiveCfg = Release|Any CPU
		{A0938717-ABB5-48D8-9CB7-946D07A74713}.Release|Any CPU.Build.0 = Release|Any CPU
	EndGlobalSection
	GlobalSection(SolutionProperties) = preSolution
		HideSolutionNode = FALSE
	EndGlobalSection
	GlobalSection(ExtensibilityGlobals) = postSolution
		SolutionGuid = {E7AF5537-3D91-44AE-B6F7-BE39DAC6BD92}
	EndGlobalSection
EndGlobal
