
Microsoft Visual Studio Solution File, Format Version 12.00
# Visual Studio Version 17
VisualStudioVersion = 17.5.33502.453
MinimumVisualStudioVersion = 10.0.40219.1
Project("{FAE04EC0-301F-11D3-BF4B-00C04F79EFBC}") = "DemoSession2_MVC", "DemoSession2_MVC\DemoSession2_MVC.csproj", "{B5A91405-54A6-4E15-9E9E-5EA4AB1403F6}"
EndProject
Global
	GlobalSection(SolutionConfigurationPlatforms) = preSolution
		Debug|Any CPU = Debug|Any CPU
		Release|Any CPU = Release|Any CPU
	EndGlobalSection
	GlobalSection(ProjectConfigurationPlatforms) = postSolution
		{B5A91405-54A6-4E15-9E9E-5EA4AB1403F6}.Debug|Any CPU.ActiveCfg = Debug|Any CPU
		{B5A91405-54A6-4E15-9E9E-5EA4AB1403F6}.Debug|Any CPU.Build.0 = Debug|Any CPU
		{B5A91405-54A6-4E15-9E9E-5EA4AB1403F6}.Release|Any CPU.ActiveCfg = Release|Any CPU
		{B5A91405-54A6-4E15-9E9E-5EA4AB1403F6}.Release|Any CPU.Build.0 = Release|Any CPU
	EndGlobalSection
	GlobalSection(SolutionProperties) = preSolution
		HideSolutionNode = FALSE
	EndGlobalSection
	GlobalSection(ExtensibilityGlobals) = postSolution
		SolutionGuid = {B5D8BABD-1B3B-4DB5-AD97-AA36BBA66031}
	EndGlobalSection
EndGlobal
